# THIS IS AN AUTOGENERATED FILE. DO NOT EDIT THIS FILE DIRECTLY.
# yarn lockfile v1


"@types/mdx@^2.0.1":
  version "2.0.1"
  resolved "https://registry.yarnpkg.com/@types/mdx/-/mdx-2.0.1.tgz#e4c05d355d092d7b58db1abfe460e53f41102ac8"
  integrity sha512-JPEv4iAl0I+o7g8yVWDwk30es8mfVrjkvh5UeVR2sYPpZCK44vrAPsbJpIS+rJAUxLgaSAMKTEH5Vn5qd9XsrQ==
